
Microsoft Visual Studio Solution File, Format Version 12.00
# Visual Studio Version 17
VisualStudioVersion = 17.9.34616.47
MinimumVisualStudioVersion = 10.0.40219.1
Project("{9A19103F-16F7-4668-BE54-9A1E7A4F7556}") = "AchieveAchievement", "AchieveAchievement\AchieveAchievement.csproj", "{72A3C14E-764C-40EE-8C77-4CED0B5F3EC0}"
EndProject
Project("{9A19103F-16F7-4668-BE54-9A1E7A4F7556}") = "AchieveAchievementLibrary", "AchieveAchievementLibrary\AchieveAchievementLibrary.csproj", "{33D8F43E-3A83-405F-B3B2-BC09A87F4F08}"
EndProject
Project("{9A19103F-16F7-4668-BE54-9A1E7A4F7556}") = "AATest", "AATest\AATest.csproj", "{6EA4A7FF-048C-4D1C-AC51-F389E0BD0060}"
EndProject
Project("{9A19103F-16F7-4668-BE54-9A1E7A4F7556}") = "JBMSecurePassword", "..\..\Personal Nuggets - GitHub\JBMSecurePassword\JBMSecurePassword.csproj", "{B1D6591D-97B5-4FF2-8EC0-9F3F53429084}"
EndProject
Global
	GlobalSection(SolutionConfigurationPlatforms) = preSolution
		Debug|Any CPU = Debug|Any CPU
		Release|Any CPU = Release|Any CPU
	EndGlobalSection
	GlobalSection(ProjectConfigurationPlatforms) = postSolution
		{72A3C14E-764C-40EE-8C77-4CED0B5F3EC0}.Debug|Any CPU.ActiveCfg = Debug|Any CPU
		{72A3C14E-764C-40EE-8C77-4CED0B5F3EC0}.Debug|Any CPU.Build.0 = Debug|Any CPU
		{72A3C14E-764C-40EE-8C77-4CED0B5F3EC0}.Debug|Any CPU.Deploy.0 = Debug|Any CPU
		{72A3C14E-764C-40EE-8C77-4CED0B5F3EC0}.Release|Any CPU.ActiveCfg = Release|Any CPU
		{72A3C14E-764C-40EE-8C77-4CED0B5F3EC0}.Release|Any CPU.Build.0 = Release|Any CPU
		{72A3C14E-764C-40EE-8C77-4CED0B5F3EC0}.Release|Any CPU.Deploy.0 = Release|Any CPU
		{33D8F43E-3A83-405F-B3B2-BC09A87F4F08}.Debug|Any CPU.ActiveCfg = Debug|Any CPU
		{33D8F43E-3A83-405F-B3B2-BC09A87F4F08}.Debug|Any CPU.Build.0 = Debug|Any CPU
		{33D8F43E-3A83-405F-B3B2-BC09A87F4F08}.Release|Any CPU.ActiveCfg = Release|Any CPU
		{33D8F43E-3A83-405F-B3B2-BC09A87F4F08}.Release|Any CPU.Build.0 = Release|Any CPU
		{6EA4A7FF-048C-4D1C-AC51-F389E0BD0060}.Debug|Any CPU.ActiveCfg = Debug|Any CPU
		{6EA4A7FF-048C-4D1C-AC51-F389E0BD0060}.Debug|Any CPU.Build.0 = Debug|Any CPU
		{6EA4A7FF-048C-4D1C-AC51-F389E0BD0060}.Release|Any CPU.ActiveCfg = Release|Any CPU
		{6EA4A7FF-048C-4D1C-AC51-F389E0BD0060}.Release|Any CPU.Build.0 = Release|Any CPU
		{B1D6591D-97B5-4FF2-8EC0-9F3F53429084}.Debug|Any CPU.ActiveCfg = Debug|Any CPU
		{B1D6591D-97B5-4FF2-8EC0-9F3F53429084}.Debug|Any CPU.Build.0 = Debug|Any CPU
		{B1D6591D-97B5-4FF2-8EC0-9F3F53429084}.Release|Any CPU.ActiveCfg = Release|Any CPU
		{B1D6591D-97B5-4FF2-8EC0-9F3F53429084}.Release|Any CPU.Build.0 = Release|Any CPU
	EndGlobalSection
	GlobalSection(SolutionProperties) = preSolution
		HideSolutionNode = FALSE
	EndGlobalSection
	GlobalSection(ExtensibilityGlobals) = postSolution
		SolutionGuid = {CBDB8BD1-37B0-4B18-95F6-8CB3E76BD81B}
	EndGlobalSection
EndGlobal
